
Microsoft Visual Studio Solution File, Format Version 12.00
# Visual Studio Version 17
VisualStudioVersion = 17.14.36127.28 d17.14
MinimumVisualStudioVersion = 10.0.40219.1
Project("{FAE04EC0-301F-11D3-BF4B-00C04F79EFBC}") = "tareawork4", "tareawork4\tareawork4.csproj", "{404C878F-D149-420A-84AB-335B131871DF}"
EndProject
Global
	GlobalSection(SolutionConfigurationPlatforms) = preSolution
		Debug|Any CPU = Debug|Any CPU
		Release|Any CPU = Release|Any CPU
	EndGlobalSection
	GlobalSection(ProjectConfigurationPlatforms) = postSolution
		{404C878F-D149-420A-84AB-335B131871DF}.Debug|Any CPU.ActiveCfg = Debug|Any CPU
		{404C878F-D149-420A-84AB-335B131871DF}.Debug|Any CPU.Build.0 = Debug|Any CPU
		{404C878F-D149-420A-84AB-335B131871DF}.Release|Any CPU.ActiveCfg = Release|Any CPU
		{404C878F-D149-420A-84AB-335B131871DF}.Release|Any CPU.Build.0 = Release|Any CPU
	EndGlobalSection
	GlobalSection(SolutionProperties) = preSolution
		HideSolutionNode = FALSE
	EndGlobalSection
	GlobalSection(ExtensibilityGlobals) = postSolution
		SolutionGuid = {406D30CD-CC9D-4143-8476-57CB4E8232D1}
	EndGlobalSection
EndGlobal
