
Microsoft Visual Studio Solution File, Format Version 12.00
# Visual Studio Version 17
VisualStudioVersion = 17.14.36127.28 d17.14
MinimumVisualStudioVersion = 10.0.40219.1
Project("{FAE04EC0-301F-11D3-BF4B-00C04F79EFBC}") = "practica", "practica\practica.csproj", "{B6FDD515-BBF1-498F-8722-D3241AC97886}"
EndProject
Global
	GlobalSection(SolutionConfigurationPlatforms) = preSolution
		Debug|Any CPU = Debug|Any CPU
		Release|Any CPU = Release|Any CPU
	EndGlobalSection
	GlobalSection(ProjectConfigurationPlatforms) = postSolution
		{B6FDD515-BBF1-498F-8722-D3241AC97886}.Debug|Any CPU.ActiveCfg = Debug|Any CPU
		{B6FDD515-BBF1-498F-8722-D3241AC97886}.Debug|Any CPU.Build.0 = Debug|Any CPU
		{B6FDD515-BBF1-498F-8722-D3241AC97886}.Release|Any CPU.ActiveCfg = Release|Any CPU
		{B6FDD515-BBF1-498F-8722-D3241AC97886}.Release|Any CPU.Build.0 = Release|Any CPU
	EndGlobalSection
	GlobalSection(SolutionProperties) = preSolution
		HideSolutionNode = FALSE
	EndGlobalSection
	GlobalSection(ExtensibilityGlobals) = postSolution
		SolutionGuid = {9A280519-99A1-44C1-B9AF-36766A8B0E63}
	EndGlobalSection
EndGlobal
